
Microsoft Visual Studio Solution File, Format Version 12.00
# Visual Studio Version 17
VisualStudioVersion = 17.9.34607.119
MinimumVisualStudioVersion = 10.0.40219.1
Project("{FAE04EC0-301F-11D3-BF4B-00C04F79EFBC}") = "AuctionApp", "AuctionApp\AuctionApp.csproj", "{41CA92F4-1236-4A3C-A3ED-DFB24815C2A4}"
EndProject
Global
	GlobalSection(SolutionConfigurationPlatforms) = preSolution
		Debug|Any CPU = Debug|Any CPU
		Release|Any CPU = Release|Any CPU
	EndGlobalSection
	GlobalSection(ProjectConfigurationPlatforms) = postSolution
		{41CA92F4-1236-4A3C-A3ED-DFB24815C2A4}.Debug|Any CPU.ActiveCfg = Debug|Any CPU
		{41CA92F4-1236-4A3C-A3ED-DFB24815C2A4}.Debug|Any CPU.Build.0 = Debug|Any CPU
		{41CA92F4-1236-4A3C-A3ED-DFB24815C2A4}.Release|Any CPU.ActiveCfg = Release|Any CPU
		{41CA92F4-1236-4A3C-A3ED-DFB24815C2A4}.Release|Any CPU.Build.0 = Release|Any CPU
	EndGlobalSection
	GlobalSection(SolutionProperties) = preSolution
		HideSolutionNode = FALSE
	EndGlobalSection
	GlobalSection(ExtensibilityGlobals) = postSolution
		SolutionGuid = {1DFD2E1B-0BA0-49CF-9D8E-14B2E947868D}
	EndGlobalSection
EndGlobal
